{
  "requires": true,
  "lockfileVersion": 1,
  "dependencies": {
    "date-fns": {
      "version": "2.9.0",
      "resolved": "https://registry.npmjs.org/date-fns/-/date-fns-2.9.0.tgz",
      "integrity": "sha512-khbFLu/MlzLjEzy9Gh8oY1hNt/Dvxw3J6Rbc28cVoYWQaC1S3YI4xwkF9ZWcjDLscbZlY9hISMr66RFzZagLsA=="
    },
    "lodash": {
      "version": "4.17.15",
      "resolved": "https://registry.npmjs.org/lodash/-/lodash-4.17.15.tgz",
      "integrity": "sha512-8xOcRHvCjnocdS5cpwXQXVzmmh5e5+saE2QGoeQmbKmRS6J3VQppPOIt0MnmE+4xlZoumy0GPG0D0MVIQbNA1A=="
    },
    "popper.js": {
      "version": "1.16.1",
      "resolved": "https://registry.npmjs.org/popper.js/-/popper.js-1.16.1.tgz",
      "integrity": "sha512-Wb4p1J4zyFTbM+u6WuO4XstYx4Ky9Cewe4DWrel7B0w6VVICvPwdOpotjzcf6eD8TsckVnIMNONQyPIUFOUbCQ=="
    },
    "v-calendar": {
      "version": "1.0.1",
      "resolved": "https://registry.npmjs.org/v-calendar/-/v-calendar-1.0.1.tgz",
      "integrity": "sha512-TIaB2ASVBv7DzRIzpSwE33khQlnyTi5U4lBzxY1mP7Zz1nv6f3wW/WOhNGBsWhVkXERU6tuc3/7gwaybNJY+vQ==",
      "requires": {
        "date-fns": "^2.6.0",
        "lodash": "^4.17.11",
        "popper.js": "^1.14.7"
      }
    }
  }
}
